
Microsoft Visual Studio Solution File, Format Version 12.00
# Visual Studio Version 17
VisualStudioVersion = 17.0.31903.59
MinimumVisualStudioVersion = 10.0.40219.1
Project("{2150E333-8FDC-42A3-9474-1A3956D46DE8}") = "src", "src", "{86EF9A03-A7D7-4B8C-969E-A485872E89FC}"
EndProject
Project("{FAE04EC0-301F-11D3-BF4B-00C04F79EFBC}") = "AuctionService", "src\AuctionService\AuctionService.csproj", "{3F35E77C-E39F-4D26-8802-90AF1B4C9B04}"
EndProject
Project("{FAE04EC0-301F-11D3-BF4B-00C04F79EFBC}") = "SearchService", "src\SearchService\SearchService.csproj", "{48C041AB-2025-4E57-90DA-D0FAAE4A539C}"
EndProject
Global
	GlobalSection(SolutionConfigurationPlatforms) = preSolution
		Debug|Any CPU = Debug|Any CPU
		Release|Any CPU = Release|Any CPU
	EndGlobalSection
	GlobalSection(SolutionProperties) = preSolution
		HideSolutionNode = FALSE
	EndGlobalSection
	GlobalSection(ProjectConfigurationPlatforms) = postSolution
		{3F35E77C-E39F-4D26-8802-90AF1B4C9B04}.Debug|Any CPU.ActiveCfg = Debug|Any CPU
		{3F35E77C-E39F-4D26-8802-90AF1B4C9B04}.Debug|Any CPU.Build.0 = Debug|Any CPU
		{3F35E77C-E39F-4D26-8802-90AF1B4C9B04}.Release|Any CPU.ActiveCfg = Release|Any CPU
		{3F35E77C-E39F-4D26-8802-90AF1B4C9B04}.Release|Any CPU.Build.0 = Release|Any CPU
		{48C041AB-2025-4E57-90DA-D0FAAE4A539C}.Debug|Any CPU.ActiveCfg = Debug|Any CPU
		{48C041AB-2025-4E57-90DA-D0FAAE4A539C}.Debug|Any CPU.Build.0 = Debug|Any CPU
		{48C041AB-2025-4E57-90DA-D0FAAE4A539C}.Release|Any CPU.ActiveCfg = Release|Any CPU
		{48C041AB-2025-4E57-90DA-D0FAAE4A539C}.Release|Any CPU.Build.0 = Release|Any CPU
	EndGlobalSection
	GlobalSection(NestedProjects) = preSolution
		{3F35E77C-E39F-4D26-8802-90AF1B4C9B04} = {86EF9A03-A7D7-4B8C-969E-A485872E89FC}
		{48C041AB-2025-4E57-90DA-D0FAAE4A539C} = {86EF9A03-A7D7-4B8C-969E-A485872E89FC}
	EndGlobalSection
EndGlobal
